
Microsoft Visual Studio Solution File, Format Version 12.00
Project("{FAE04EC0-301F-11D3-BF4B-00C04F79EFBC}") = "OOP2", "OOP2\OOP2.csproj", "{F32CD041-0C13-4EC9-AB27-BF2C8D636449}"
EndProject
Global
	GlobalSection(SolutionConfigurationPlatforms) = preSolution
		Debug|Any CPU = Debug|Any CPU
		Release|Any CPU = Release|Any CPU
	EndGlobalSection
	GlobalSection(ProjectConfigurationPlatforms) = postSolution
		{F32CD041-0C13-4EC9-AB27-BF2C8D636449}.Debug|Any CPU.ActiveCfg = Debug|Any CPU
		{F32CD041-0C13-4EC9-AB27-BF2C8D636449}.Debug|Any CPU.Build.0 = Debug|Any CPU
		{F32CD041-0C13-4EC9-AB27-BF2C8D636449}.Release|Any CPU.ActiveCfg = Release|Any CPU
		{F32CD041-0C13-4EC9-AB27-BF2C8D636449}.Release|Any CPU.Build.0 = Release|Any CPU
	EndGlobalSection
EndGlobal
